dependencies:
- condition: ""
  enabled: false
  import-values: null
  name: mariadb
  repository: http://storage.googleapis.com/kubernetes-charts
  tags: null
  version: 0.5.9
digest: sha256:fa4f7d9be10d3178836d108aeeaa8957e8de25851b885fc18c56cfd8ee51783f
generated: 2017-04-12T16:49:06.966247516+02:00
